
Microsoft Visual Studio Solution File, Format Version 12.00
# Visual Studio Version 17
VisualStudioVersion = 17.13.35931.197
MinimumVisualStudioVersion = 10.0.40219.1
Project("{FAE04EC0-301F-11D3-BF4B-00C04F79EFBC}") = "LibrarySystemKR", "LibrarySystemKR\LibrarySystemKR.csproj", "{84239CC6-1461-4BE7-A2C0-6EC0ACE3D239}"
EndProject
Project("{FAE04EC0-301F-11D3-BF4B-00C04F79EFBC}") = "LibraryClientKR", "LibraryClientKR\LibraryClientKR.csproj", "{47488DFA-4915-4E16-A397-B46C368FEA9A}"
EndProject
Global
	GlobalSection(SolutionConfigurationPlatforms) = preSolution
		Debug|Any CPU = Debug|Any CPU
		Release|Any CPU = Release|Any CPU
	EndGlobalSection
	GlobalSection(ProjectConfigurationPlatforms) = postSolution
		{84239CC6-1461-4BE7-A2C0-6EC0ACE3D239}.Debug|Any CPU.ActiveCfg = Debug|Any CPU
		{84239CC6-1461-4BE7-A2C0-6EC0ACE3D239}.Debug|Any CPU.Build.0 = Debug|Any CPU
		{84239CC6-1461-4BE7-A2C0-6EC0ACE3D239}.Release|Any CPU.ActiveCfg = Release|Any CPU
		{84239CC6-1461-4BE7-A2C0-6EC0ACE3D239}.Release|Any CPU.Build.0 = Release|Any CPU
		{47488DFA-4915-4E16-A397-B46C368FEA9A}.Debug|Any CPU.ActiveCfg = Debug|Any CPU
		{47488DFA-4915-4E16-A397-B46C368FEA9A}.Debug|Any CPU.Build.0 = Debug|Any CPU
		{47488DFA-4915-4E16-A397-B46C368FEA9A}.Release|Any CPU.ActiveCfg = Release|Any CPU
		{47488DFA-4915-4E16-A397-B46C368FEA9A}.Release|Any CPU.Build.0 = Release|Any CPU
	EndGlobalSection
	GlobalSection(SolutionProperties) = preSolution
		HideSolutionNode = FALSE
	EndGlobalSection
	GlobalSection(ExtensibilityGlobals) = postSolution
		SolutionGuid = {F6D07CFA-0A1D-445D-878E-A37975B970B8}
	EndGlobalSection
EndGlobal
